// !$*UTF8*$!
{
	archiveVersion = 1;
	classes = {
	};
	objectVersion = 54;
	objects = {

/* Begin PBXBuildFile section */
		0229511DC3B44E0889FB899C /* Vilonti-ExtraBlack.ttf in Resources */ = {isa = PBXBuildFile; fileRef = A46E7A71EFD3446FB7E8788D /* Vilonti-ExtraBlack.ttf */; };
		13B07FBC1A68108700A75B9A /* AppDelegate.mm in Sources */ = {isa = PBXBuildFile; fileRef = 13B07FB01A68108700A75B9A /* AppDelegate.mm */; };
		13B07FBF1A68108700A75B9A /* Images.xcassets in Resources */ = {isa = PBXBuildFile; fileRef = 13B07FB51A68108700A75B9A /* Images.xcassets */; };
		13B07FC11A68108700A75B9A /* main.m in Sources */ = {isa = PBXBuildFile; fileRef = 13B07FB71A68108700A75B9A /* main.m */; };
		17E0A3AE83404077AE4F6B3A /* Vilonti-MediumItalic.ttf in Resources */ = {isa = PBXBuildFile; fileRef = F14909B4B07D4C18A6F9DADF /* Vilonti-MediumItalic.ttf */; };
		359C6852A2D74F0CA3300E9B /* Vilonti-Bold.ttf in Resources */ = {isa = PBXBuildFile; fileRef = 94D7FE7A4FC44F46A89E8FC9 /* Vilonti-Bold.ttf */; };
		3B55F564C65D466788265C32 /* Vilonti-ThinItalic.ttf in Resources */ = {isa = PBXBuildFile; fileRef = 79080CFEAEF14C2CB07BBD26 /* Vilonti-ThinItalic.ttf */; };
		3E3725700F8F4D2AA30C02AD /* Vilonti-Thin.ttf in Resources */ = {isa = PBXBuildFile; fileRef = C166C86C7E7048ABAAEAE487 /* Vilonti-Thin.ttf */; };
		3E461D99554A48A4959DE609 /* SplashScreen.storyboard in Resources */ = {isa = PBXBuildFile; fileRef = AA286B85B6C04FC6940260E9 /* SplashScreen.storyboard */; };
		4224A6AD57E145AD98F11704 /* Vilonti-BoldItalic.ttf in Resources */ = {isa = PBXBuildFile; fileRef = 23D171A0F5D44A2F84D8A9A5 /* Vilonti-BoldItalic.ttf */; };
		56125CB785E34897AFA77332 /* Vilonti-BoldItalic.otf in Resources */ = {isa = PBXBuildFile; fileRef = 76791CC85DA54F55BFDE0D07 /* Vilonti-BoldItalic.otf */; };
		5D65A6DD386D4D0294B57322 /* Vilonti-ThinItalic.otf in Resources */ = {isa = PBXBuildFile; fileRef = 296E72AB3023427D8762622B /* Vilonti-ThinItalic.otf */; };
		6749E3A4F9644A16B628AEDD /* Vilonti-ExtraBlackItalic.otf in Resources */ = {isa = PBXBuildFile; fileRef = 1935DA06406048AEA154BF44 /* Vilonti-ExtraBlackItalic.otf */; };
		681BDAB07ABA40889ECD106E /* Vilonti-Italic.otf in Resources */ = {isa = PBXBuildFile; fileRef = 3EEE9C3E12FC4AFF9C92CB09 /* Vilonti-Italic.otf */; };
		75E531F3A9A340029F551416 /* Vilonti-Regular.otf in Resources */ = {isa = PBXBuildFile; fileRef = 521EC03A4C9049FD9C810DFC /* Vilonti-Regular.otf */; };
		83ECF41A341044B69C924F82 /* Vilonti-Medium.ttf in Resources */ = {isa = PBXBuildFile; fileRef = 78D3C2E948CF41B396E2AEC0 /* Vilonti-Medium.ttf */; };
		94F6B3E99D8344309F088134 /* Vilonti-Regular.ttf in Resources */ = {isa = PBXBuildFile; fileRef = DF12B75DE9BF4605AF89C4DF /* Vilonti-Regular.ttf */; };
		96905EF65AED1B983A6B3ABC /* libPods-VoyonApp.a in Frameworks */ = {isa = PBXBuildFile; fileRef = 58EEBF8E8E6FB1BC6CAF49B5 /* libPods-VoyonApp.a */; };
		98CF5732356344E98D835000 /* Vilonti-MediumItalic.otf in Resources */ = {isa = PBXBuildFile; fileRef = 58E701A679F14E9BB43CB037 /* Vilonti-MediumItalic.otf */; };
		9EB55E37DC704A36A7589366 /* Vilonti-Bold.otf in Resources */ = {isa = PBXBuildFile; fileRef = 8B6A65B9DDF747AB90A5E5D4 /* Vilonti-Bold.otf */; };
		A1419DC8EE184A7FBD15B676 /* Vilonti-ExtraBlack.otf in Resources */ = {isa = PBXBuildFile; fileRef = D57DCF8ADEE14698A0C22788 /* Vilonti-ExtraBlack.otf */; };
		A5EB6AA7CF514FDEA70DC419 /* Vilonti-Thin.otf in Resources */ = {isa = PBXBuildFile; fileRef = B8EF8DC860E045A1BC93E6EC /* Vilonti-Thin.otf */; };
		A658C56337BA4AD6B64180DE /* Vilonti-Italic.ttf in Resources */ = {isa = PBXBuildFile; fileRef = 49A9A41E4DC24F6B875CA4A6 /* Vilonti-Italic.ttf */; };
		B18059E884C0ABDD17F3DC3D /* ExpoModulesProvider.swift in Sources */ = {isa = PBXBuildFile; fileRef = FAC715A2D49A985799AEE119 /* ExpoModulesProvider.swift */; };
		BB2F792D24A3F905000567C9 /* Expo.plist in Resources */ = {isa = PBXBuildFile; fileRef = BB2F792C24A3F905000567C9 /* Expo.plist */; };
		C0076F61327A4F27814DE53A /* Vilonti-ExtraBlackItalic.ttf in Resources */ = {isa = PBXBuildFile; fileRef = DE7E9A9BBD744D8CAEC34F4C /* Vilonti-ExtraBlackItalic.ttf */; };
		C47876A92D7609F100E778DF /* GoogleService-Info.plist in Resources */ = {isa = PBXBuildFile; fileRef = C47876A82D7609F100E778DF /* GoogleService-Info.plist */; };
		C47876AC2D760D5500E778DF /* FirebaseAnalytics in Frameworks */ = {isa = PBXBuildFile; productRef = C47876AB2D760D5500E778DF /* FirebaseAnalytics */; };
		C47876AE2D760D5500E778DF /* FirebaseAnalyticsOnDeviceConversion in Frameworks */ = {isa = PBXBuildFile; productRef = C47876AD2D760D5500E778DF /* FirebaseAnalyticsOnDeviceConversion */; };
		C47876B02D760D5500E778DF /* FirebaseAnalyticsWithoutAdIdSupport in Frameworks */ = {isa = PBXBuildFile; productRef = C47876AF2D760D5500E778DF /* FirebaseAnalyticsWithoutAdIdSupport */; };
		C47876B22D760D5500E778DF /* FirebaseAppCheck in Frameworks */ = {isa = PBXBuildFile; productRef = C47876B12D760D5500E778DF /* FirebaseAppCheck */; };
		C47876B42D760D5500E778DF /* FirebaseAppDistribution-Beta in Frameworks */ = {isa = PBXBuildFile; productRef = C47876B32D760D5500E778DF /* FirebaseAppDistribution-Beta */; };
		E75C309D9673440490470F7A /* Vilonti-Medium.otf in Resources */ = {isa = PBXBuildFile; fileRef = 0AC2FDFD4A0E440494239A7E /* Vilonti-Medium.otf */; };
/* End PBXBuildFile section */

/* Begin PBXFileReference section */
		0AC2FDFD4A0E440494239A7E /* Vilonti-Medium.otf */ = {isa = PBXFileReference; explicitFileType = undefined; fileEncoding = 9; includeInIndex = 0; lastKnownFileType = unknown; name = "Vilonti-Medium.otf"; path = "../assets/fonts/Vilonti-Medium.otf"; sourceTree = "<group>"; };
		13B07F961A680F5B00A75B9A /* VoyonApp.app */ = {isa = PBXFileReference; explicitFileType = wrapper.application; includeInIndex = 0; path = VoyonApp.app; sourceTree = BUILT_PRODUCTS_DIR; };
		13B07FAF1A68108700A75B9A /* AppDelegate.h */ = {isa = PBXFileReference; fileEncoding = 4; lastKnownFileType = sourcecode.c.h; name = AppDelegate.h; path = VoyonApp/AppDelegate.h; sourceTree = "<group>"; };
		13B07FB01A68108700A75B9A /* AppDelegate.mm */ = {isa = PBXFileReference; fileEncoding = 4; lastKnownFileType = sourcecode.cpp.objcpp; name = AppDelegate.mm; path = VoyonApp/AppDelegate.mm; sourceTree = "<group>"; };
		13B07FB51A68108700A75B9A /* Images.xcassets */ = {isa = PBXFileReference; lastKnownFileType = folder.assetcatalog; name = Images.xcassets; path = VoyonApp/Images.xcassets; sourceTree = "<group>"; };
		13B07FB61A68108700A75B9A /* Info.plist */ = {isa = PBXFileReference; fileEncoding = 4; lastKnownFileType = text.plist.xml; name = Info.plist; path = VoyonApp/Info.plist; sourceTree = "<group>"; };
		13B07FB71A68108700A75B9A /* main.m */ = {isa = PBXFileReference; fileEncoding = 4; lastKnownFileType = sourcecode.c.objc; name = main.m; path = VoyonApp/main.m; sourceTree = "<group>"; };
		1935DA06406048AEA154BF44 /* Vilonti-ExtraBlackItalic.otf */ = {isa = PBXFileReference; explicitFileType = undefined; fileEncoding = 9; includeInIndex = 0; lastKnownFileType = unknown; name = "Vilonti-ExtraBlackItalic.otf"; path = "../assets/fonts/Vilonti-ExtraBlackItalic.otf"; sourceTree = "<group>"; };
		23D171A0F5D44A2F84D8A9A5 /* Vilonti-BoldItalic.ttf */ = {isa = PBXFileReference; explicitFileType = undefined; fileEncoding = 9; includeInIndex = 0; lastKnownFileType = unknown; name = "Vilonti-BoldItalic.ttf"; path = "../assets/fonts/Vilonti-BoldItalic.ttf"; sourceTree = "<group>"; };
		296E72AB3023427D8762622B /* Vilonti-ThinItalic.otf */ = {isa = PBXFileReference; explicitFileType = undefined; fileEncoding = 9; includeInIndex = 0; lastKnownFileType = unknown; name = "Vilonti-ThinItalic.otf"; path = "../assets/fonts/Vilonti-ThinItalic.otf"; sourceTree = "<group>"; };
		3EEE9C3E12FC4AFF9C92CB09 /* Vilonti-Italic.otf */ = {isa = PBXFileReference; explicitFileType = undefined; fileEncoding = 9; includeInIndex = 0; lastKnownFileType = unknown; name = "Vilonti-Italic.otf"; path = "../assets/fonts/Vilonti-Italic.otf"; sourceTree = "<group>"; };
		49A9A41E4DC24F6B875CA4A6 /* Vilonti-Italic.ttf */ = {isa = PBXFileReference; explicitFileType = undefined; fileEncoding = 9; includeInIndex = 0; lastKnownFileType = unknown; name = "Vilonti-Italic.ttf"; path = "../assets/fonts/Vilonti-Italic.ttf"; sourceTree = "<group>"; };
		521EC03A4C9049FD9C810DFC /* Vilonti-Regular.otf */ = {isa = PBXFileReference; explicitFileType = undefined; fileEncoding = 9; includeInIndex = 0; lastKnownFileType = unknown; name = "Vilonti-Regular.otf"; path = "../assets/fonts/Vilonti-Regular.otf"; sourceTree = "<group>"; };
		58E701A679F14E9BB43CB037 /* Vilonti-MediumItalic.otf */ = {isa = PBXFileReference; explicitFileType = undefined; fileEncoding = 9; includeInIndex = 0; lastKnownFileType = unknown; name = "Vilonti-MediumItalic.otf"; path = "../assets/fonts/Vilonti-MediumItalic.otf"; sourceTree = "<group>"; };
		58EEBF8E8E6FB1BC6CAF49B5 /* libPods-VoyonApp.a */ = {isa = PBXFileReference; explicitFileType = archive.ar; includeInIndex = 0; path = "libPods-VoyonApp.a"; sourceTree = BUILT_PRODUCTS_DIR; };
		6C2E3173556A471DD304B334 /* Pods-VoyonApp.debug.xcconfig */ = {isa = PBXFileReference; includeInIndex = 1; lastKnownFileType = text.xcconfig; name = "Pods-VoyonApp.debug.xcconfig"; path = "Target Support Files/Pods-VoyonApp/Pods-VoyonApp.debug.xcconfig"; sourceTree = "<group>"; };
		76791CC85DA54F55BFDE0D07 /* Vilonti-BoldItalic.otf */ = {isa = PBXFileReference; explicitFileType = undefined; fileEncoding = 9; includeInIndex = 0; lastKnownFileType = unknown; name = "Vilonti-BoldItalic.otf"; path = "../assets/fonts/Vilonti-BoldItalic.otf"; sourceTree = "<group>"; };
		78D3C2E948CF41B396E2AEC0 /* Vilonti-Medium.ttf */ = {isa = PBXFileReference; explicitFileType = undefined; fileEncoding = 9; includeInIndex = 0; lastKnownFileType = unknown; name = "Vilonti-Medium.ttf"; path = "../assets/fonts/Vilonti-Medium.ttf"; sourceTree = "<group>"; };
		79080CFEAEF14C2CB07BBD26 /* Vilonti-ThinItalic.ttf */ = {isa = PBXFileReference; explicitFileType = undefined; fileEncoding = 9; includeInIndex = 0; lastKnownFileType = unknown; name = "Vilonti-ThinItalic.ttf"; path = "../assets/fonts/Vilonti-ThinItalic.ttf"; sourceTree = "<group>"; };
		7A4D352CD337FB3A3BF06240 /* Pods-VoyonApp.release.xcconfig */ = {isa = PBXFileReference; includeInIndex = 1; lastKnownFileType = text.xcconfig; name = "Pods-VoyonApp.release.xcconfig"; path = "Target Support Files/Pods-VoyonApp/Pods-VoyonApp.release.xcconfig"; sourceTree = "<group>"; };
		8B6A65B9DDF747AB90A5E5D4 /* Vilonti-Bold.otf */ = {isa = PBXFileReference; explicitFileType = undefined; fileEncoding = 9; includeInIndex = 0; lastKnownFileType = unknown; name = "Vilonti-Bold.otf"; path = "../assets/fonts/Vilonti-Bold.otf"; sourceTree = "<group>"; };
		94D7FE7A4FC44F46A89E8FC9 /* Vilonti-Bold.ttf */ = {isa = PBXFileReference; explicitFileType = undefined; fileEncoding = 9; includeInIndex = 0; lastKnownFileType = unknown; name = "Vilonti-Bold.ttf"; path = "../assets/fonts/Vilonti-Bold.ttf"; sourceTree = "<group>"; };
		A46E7A71EFD3446FB7E8788D /* Vilonti-ExtraBlack.ttf */ = {isa = PBXFileReference; explicitFileType = undefined; fileEncoding = 9; includeInIndex = 0; lastKnownFileType = unknown; name = "Vilonti-ExtraBlack.ttf"; path = "../assets/fonts/Vilonti-ExtraBlack.ttf"; sourceTree = "<group>"; };
		AA286B85B6C04FC6940260E9 /* SplashScreen.storyboard */ = {isa = PBXFileReference; fileEncoding = 4; lastKnownFileType = file.storyboard; name = SplashScreen.storyboard; path = VoyonApp/SplashScreen.storyboard; sourceTree = "<group>"; };
		B8EF8DC860E045A1BC93E6EC /* Vilonti-Thin.otf */ = {isa = PBXFileReference; explicitFileType = undefined; fileEncoding = 9; includeInIndex = 0; lastKnownFileType = unknown; name = "Vilonti-Thin.otf"; path = "../assets/fonts/Vilonti-Thin.otf"; sourceTree = "<group>"; };
		BB2F792C24A3F905000567C9 /* Expo.plist */ = {isa = PBXFileReference; fileEncoding = 4; lastKnownFileType = text.plist.xml; path = Expo.plist; sourceTree = "<group>"; };
		C166C86C7E7048ABAAEAE487 /* Vilonti-Thin.ttf */ = {isa = PBXFileReference; explicitFileType = undefined; fileEncoding = 9; includeInIndex = 0; lastKnownFileType = unknown; name = "Vilonti-Thin.ttf"; path = "../assets/fonts/Vilonti-Thin.ttf"; sourceTree = "<group>"; };
		C47876A82D7609F100E778DF /* GoogleService-Info.plist */ = {isa = PBXFileReference; fileEncoding = 4; lastKnownFileType = text.plist.xml; path = "GoogleService-Info.plist"; sourceTree = "<group>"; };
		D57DCF8ADEE14698A0C22788 /* Vilonti-ExtraBlack.otf */ = {isa = PBXFileReference; explicitFileType = undefined; fileEncoding = 9; includeInIndex = 0; lastKnownFileType = unknown; name = "Vilonti-ExtraBlack.otf"; path = "../assets/fonts/Vilonti-ExtraBlack.otf"; sourceTree = "<group>"; };
		DE7E9A9BBD744D8CAEC34F4C /* Vilonti-ExtraBlackItalic.ttf */ = {isa = PBXFileReference; explicitFileType = undefined; fileEncoding = 9; includeInIndex = 0; lastKnownFileType = unknown; name = "Vilonti-ExtraBlackItalic.ttf"; path = "../assets/fonts/Vilonti-ExtraBlackItalic.ttf"; sourceTree = "<group>"; };
		DF12B75DE9BF4605AF89C4DF /* Vilonti-Regular.ttf */ = {isa = PBXFileReference; explicitFileType = undefined; fileEncoding = 9; includeInIndex = 0; lastKnownFileType = unknown; name = "Vilonti-Regular.ttf"; path = "../assets/fonts/Vilonti-Regular.ttf"; sourceTree = "<group>"; };
		ED297162215061F000B7C4FE /* JavaScriptCore.framework */ = {isa = PBXFileReference; lastKnownFileType = wrapper.framework; name = JavaScriptCore.framework; path = System/Library/Frameworks/JavaScriptCore.framework; sourceTree = SDKROOT; };
		F14909B4B07D4C18A6F9DADF /* Vilonti-MediumItalic.ttf */ = {isa = PBXFileReference; explicitFileType = undefined; fileEncoding = 9; includeInIndex = 0; lastKnownFileType = unknown; name = "Vilonti-MediumItalic.ttf"; path = "../assets/fonts/Vilonti-MediumItalic.ttf"; sourceTree = "<group>"; };
		FAC715A2D49A985799AEE119 /* ExpoModulesProvider.swift */ = {isa = PBXFileReference; includeInIndex = 1; lastKnownFileType = sourcecode.swift; name = ExpoModulesProvider.swift; path = "Pods/Target Support Files/Pods-VoyonApp/ExpoModulesProvider.swift"; sourceTree = "<group>"; };
/* End PBXFileReference section */

/* Begin PBXFrameworksBuildPhase section */
		13B07F8C1A680F5B00A75B9A /* Frameworks */ = {
			isa = PBXFrameworksBuildPhase;
			buildActionMask = 2147483647;
			files = (
				C47876AC2D760D5500E778DF /* FirebaseAnalytics in Frameworks */,
				C47876AE2D760D5500E778DF /* FirebaseAnalyticsOnDeviceConversion in Frameworks */,
				96905EF65AED1B983A6B3ABC /* libPods-VoyonApp.a in Frameworks */,
				C47876B22D760D5500E778DF /* FirebaseAppCheck in Frameworks */,
				C47876B02D760D5500E778DF /* FirebaseAnalyticsWithoutAdIdSupport in Frameworks */,
				C47876B42D760D5500E778DF /* FirebaseAppDistribution-Beta in Frameworks */,
			);
			runOnlyForDeploymentPostprocessing = 0;
		};
/* End PBXFrameworksBuildPhase section */

/* Begin PBXGroup section */
		13B07FAE1A68108700A75B9A /* VoyonApp */ = {
			isa = PBXGroup;
			children = (
				BB2F792B24A3F905000567C9 /* Supporting */,
				13B07FAF1A68108700A75B9A /* AppDelegate.h */,
				13B07FB01A68108700A75B9A /* AppDelegate.mm */,
				13B07FB51A68108700A75B9A /* Images.xcassets */,
				13B07FB61A68108700A75B9A /* Info.plist */,
				13B07FB71A68108700A75B9A /* main.m */,
				AA286B85B6C04FC6940260E9 /* SplashScreen.storyboard */,
				C47876A82D7609F100E778DF /* GoogleService-Info.plist */,
			);
			name = VoyonApp;
			sourceTree = "<group>";
		};
		2D16E6871FA4F8E400B85C8A /* Frameworks */ = {
			isa = PBXGroup;
			children = (
				ED297162215061F000B7C4FE /* JavaScriptCore.framework */,
				58EEBF8E8E6FB1BC6CAF49B5 /* libPods-VoyonApp.a */,
			);
			name = Frameworks;
			sourceTree = "<group>";
		};
		8033EFE20BC84A2BBBCC2739 /* Resources */ = {
			isa = PBXGroup;
			children = (
				8B6A65B9DDF747AB90A5E5D4 /* Vilonti-Bold.otf */,
				76791CC85DA54F55BFDE0D07 /* Vilonti-BoldItalic.otf */,
				D57DCF8ADEE14698A0C22788 /* Vilonti-ExtraBlack.otf */,
				1935DA06406048AEA154BF44 /* Vilonti-ExtraBlackItalic.otf */,
				3EEE9C3E12FC4AFF9C92CB09 /* Vilonti-Italic.otf */,
				0AC2FDFD4A0E440494239A7E /* Vilonti-Medium.otf */,
				58E701A679F14E9BB43CB037 /* Vilonti-MediumItalic.otf */,
				521EC03A4C9049FD9C810DFC /* Vilonti-Regular.otf */,
				B8EF8DC860E045A1BC93E6EC /* Vilonti-Thin.otf */,
				296E72AB3023427D8762622B /* Vilonti-ThinItalic.otf */,
				94D7FE7A4FC44F46A89E8FC9 /* Vilonti-Bold.ttf */,
				23D171A0F5D44A2F84D8A9A5 /* Vilonti-BoldItalic.ttf */,
				A46E7A71EFD3446FB7E8788D /* Vilonti-ExtraBlack.ttf */,
				DE7E9A9BBD744D8CAEC34F4C /* Vilonti-ExtraBlackItalic.ttf */,
				49A9A41E4DC24F6B875CA4A6 /* Vilonti-Italic.ttf */,
				78D3C2E948CF41B396E2AEC0 /* Vilonti-Medium.ttf */,
				F14909B4B07D4C18A6F9DADF /* Vilonti-MediumItalic.ttf */,
				DF12B75DE9BF4605AF89C4DF /* Vilonti-Regular.ttf */,
				C166C86C7E7048ABAAEAE487 /* Vilonti-Thin.ttf */,
				79080CFEAEF14C2CB07BBD26 /* Vilonti-ThinItalic.ttf */,
			);
			name = Resources;
			sourceTree = "<group>";
		};
		832341AE1AAA6A7D00B99B32 /* Libraries */ = {
			isa = PBXGroup;
			children = (
			);
			name = Libraries;
			sourceTree = "<group>";
		};
		83CBB9F61A601CBA00E9B192 = {
			isa = PBXGroup;
			children = (
				13B07FAE1A68108700A75B9A /* VoyonApp */,
				832341AE1AAA6A7D00B99B32 /* Libraries */,
				83CBBA001A601CBA00E9B192 /* Products */,
				2D16E6871FA4F8E400B85C8A /* Frameworks */,
				D65327D7A22EEC0BE12398D9 /* Pods */,
				D7E4C46ADA2E9064B798F356 /* ExpoModulesProviders */,
				8033EFE20BC84A2BBBCC2739 /* Resources */,
			);
			indentWidth = 2;
			sourceTree = "<group>";
			tabWidth = 2;
			usesTabs = 0;
		};
		83CBBA001A601CBA00E9B192 /* Products */ = {
			isa = PBXGroup;
			children = (
				13B07F961A680F5B00A75B9A /* VoyonApp.app */,
			);
			name = Products;
			sourceTree = "<group>";
		};
		92DBD88DE9BF7D494EA9DA96 /* VoyonApp */ = {
			isa = PBXGroup;
			children = (
				FAC715A2D49A985799AEE119 /* ExpoModulesProvider.swift */,
			);
			name = VoyonApp;
			sourceTree = "<group>";
		};
		BB2F792B24A3F905000567C9 /* Supporting */ = {
			isa = PBXGroup;
			children = (
				BB2F792C24A3F905000567C9 /* Expo.plist */,
			);
			name = Supporting;
			path = VoyonApp/Supporting;
			sourceTree = "<group>";
		};
		D65327D7A22EEC0BE12398D9 /* Pods */ = {
			isa = PBXGroup;
			children = (
				6C2E3173556A471DD304B334 /* Pods-VoyonApp.debug.xcconfig */,
				7A4D352CD337FB3A3BF06240 /* Pods-VoyonApp.release.xcconfig */,
			);
			path = Pods;
			sourceTree = "<group>";
		};
		D7E4C46ADA2E9064B798F356 /* ExpoModulesProviders */ = {
			isa = PBXGroup;
			children = (
				92DBD88DE9BF7D494EA9DA96 /* VoyonApp */,
			);
			name = ExpoModulesProviders;
			sourceTree = "<group>";
		};
/* End PBXGroup section */

/* Begin PBXNativeTarget section */
		13B07F861A680F5B00A75B9A /* VoyonApp */ = {
			isa = PBXNativeTarget;
			buildConfigurationList = 13B07F931A680F5B00A75B9A /* Build configuration list for PBXNativeTarget "VoyonApp" */;
			buildPhases = (
				08A4A3CD28434E44B6B9DE2E /* [CP] Check Pods Manifest.lock */,
				13B07F871A680F5B00A75B9A /* Sources */,
				13B07F8C1A680F5B00A75B9A /* Frameworks */,
				13B07F8E1A680F5B00A75B9A /* Resources */,
				00DD1BFF1BD5951E006B06BC /* Bundle React Native code and images */,
				800E24972A6A228C8D4807E9 /* [CP] Copy Pods Resources */,
			);
			buildRules = (
			);
			dependencies = (
			);
			name = VoyonApp;
			packageProductDependencies = (
				C47876AB2D760D5500E778DF /* FirebaseAnalytics */,
				C47876AD2D760D5500E778DF /* FirebaseAnalyticsOnDeviceConversion */,
				C47876AF2D760D5500E778DF /* FirebaseAnalyticsWithoutAdIdSupport */,
				C47876B12D760D5500E778DF /* FirebaseAppCheck */,
				C47876B32D760D5500E778DF /* FirebaseAppDistribution-Beta */,
			);
			productName = VoyonApp;
			productReference = 13B07F961A680F5B00A75B9A /* VoyonApp.app */;
			productType = "com.apple.product-type.application";
		};
/* End PBXNativeTarget section */

/* Begin PBXProject section */
		83CBB9F71A601CBA00E9B192 /* Project object */ = {
			isa = PBXProject;
			attributes = {
				LastUpgradeCheck = 1130;
				TargetAttributes = {
					13B07F861A680F5B00A75B9A = {
						LastSwiftMigration = 1250;
					};
				};
			};
			buildConfigurationList = 83CBB9FA1A601CBA00E9B192 /* Build configuration list for PBXProject "VoyonApp" */;
			compatibilityVersion = "Xcode 3.2";
			developmentRegion = en;
			hasScannedForEncodings = 0;
			knownRegions = (
				en,
				Base,
			);
			mainGroup = 83CBB9F61A601CBA00E9B192;
			packageReferences = (
				C47876AA2D760D5500E778DF /* XCRemoteSwiftPackageReference "firebase-ios-sdk" */,
			);
			productRefGroup = 83CBBA001A601CBA00E9B192 /* Products */;
			projectDirPath = "";
			projectRoot = "";
			targets = (
				13B07F861A680F5B00A75B9A /* VoyonApp */,
			);
		};
/* End PBXProject section */

/* Begin PBXResourcesBuildPhase section */
		13B07F8E1A680F5B00A75B9A /* Resources */ = {
			isa = PBXResourcesBuildPhase;
			buildActionMask = 2147483647;
			files = (
				BB2F792D24A3F905000567C9 /* Expo.plist in Resources */,
				13B07FBF1A68108700A75B9A /* Images.xcassets in Resources */,
				3E461D99554A48A4959DE609 /* SplashScreen.storyboard in Resources */,
				9EB55E37DC704A36A7589366 /* Vilonti-Bold.otf in Resources */,
				56125CB785E34897AFA77332 /* Vilonti-BoldItalic.otf in Resources */,
				A1419DC8EE184A7FBD15B676 /* Vilonti-ExtraBlack.otf in Resources */,
				6749E3A4F9644A16B628AEDD /* Vilonti-ExtraBlackItalic.otf in Resources */,
				681BDAB07ABA40889ECD106E /* Vilonti-Italic.otf in Resources */,
				E75C309D9673440490470F7A /* Vilonti-Medium.otf in Resources */,
				98CF5732356344E98D835000 /* Vilonti-MediumItalic.otf in Resources */,
				75E531F3A9A340029F551416 /* Vilonti-Regular.otf in Resources */,
				A5EB6AA7CF514FDEA70DC419 /* Vilonti-Thin.otf in Resources */,
				5D65A6DD386D4D0294B57322 /* Vilonti-ThinItalic.otf in Resources */,
				359C6852A2D74F0CA3300E9B /* Vilonti-Bold.ttf in Resources */,
				4224A6AD57E145AD98F11704 /* Vilonti-BoldItalic.ttf in Resources */,
				0229511DC3B44E0889FB899C /* Vilonti-ExtraBlack.ttf in Resources */,
				C0076F61327A4F27814DE53A /* Vilonti-ExtraBlackItalic.ttf in Resources */,
				C47876A92D7609F100E778DF /* GoogleService-Info.plist in Resources */,
				A658C56337BA4AD6B64180DE /* Vilonti-Italic.ttf in Resources */,
				83ECF41A341044B69C924F82 /* Vilonti-Medium.ttf in Resources */,
				17E0A3AE83404077AE4F6B3A /* Vilonti-MediumItalic.ttf in Resources */,
				94F6B3E99D8344309F088134 /* Vilonti-Regular.ttf in Resources */,
				3E3725700F8F4D2AA30C02AD /* Vilonti-Thin.ttf in Resources */,
				3B55F564C65D466788265C32 /* Vilonti-ThinItalic.ttf in Resources */,
			);
			runOnlyForDeploymentPostprocessing = 0;
		};
/* End PBXResourcesBuildPhase section */

/* Begin PBXShellScriptBuildPhase section */
		00DD1BFF1BD5951E006B06BC /* Bundle React Native code and images */ = {
			isa = PBXShellScriptBuildPhase;
			alwaysOutOfDate = 1;
			buildActionMask = 2147483647;
			files = (
			);
			inputPaths = (
			);
			name = "Bundle React Native code and images";
			outputPaths = (
			);
			runOnlyForDeploymentPostprocessing = 0;
			shellPath = /bin/sh;
			shellScript = "if [[ -f \"$PODS_ROOT/../.xcode.env\" ]]; then\n  source \"$PODS_ROOT/../.xcode.env\"\nfi\nif [[ -f \"$PODS_ROOT/../.xcode.env.local\" ]]; then\n  source \"$PODS_ROOT/../.xcode.env.local\"\nfi\n\n# The project root by default is one level up from the ios directory\nexport PROJECT_ROOT=\"$PROJECT_DIR\"/..\n\nif [[ \"$CONFIGURATION\" = *Debug* ]]; then\n  export SKIP_BUNDLING=1\nfi\nif [[ -z \"$ENTRY_FILE\" ]]; then\n  # Set the entry JS file using the bundler's entry resolution.\n  export ENTRY_FILE=\"$(\"$NODE_BINARY\" -e \"require('expo/scripts/resolveAppEntry')\" \"$PROJECT_ROOT\" ios absolute | tail -n 1)\"\nfi\n\nif [[ -z \"$CLI_PATH\" ]]; then\n  # Use Expo CLI\n  export CLI_PATH=\"$(\"$NODE_BINARY\" --print \"require.resolve('@expo/cli', { paths: [require.resolve('expo/package.json')] })\")\"\nfi\nif [[ -z \"$BUNDLE_COMMAND\" ]]; then\n  # Default Expo CLI command for bundling\n  export BUNDLE_COMMAND=\"export:embed\"\nfi\n\n# Source .xcode.env.updates if it exists to allow\n# SKIP_BUNDLING to be unset if needed\nif [[ -f \"$PODS_ROOT/../.xcode.env.updates\" ]]; then\n  source \"$PODS_ROOT/../.xcode.env.updates\"\nfi\n# Source local changes to allow overrides\n# if needed\nif [[ -f \"$PODS_ROOT/../.xcode.env.local\" ]]; then\n  source \"$PODS_ROOT/../.xcode.env.local\"\nfi\n\n`\"$NODE_BINARY\" --print \"require('path').dirname(require.resolve('react-native/package.json')) + '/scripts/react-native-xcode.sh'\"`\n\n";
		};
		08A4A3CD28434E44B6B9DE2E /* [CP] Check Pods Manifest.lock */ = {
			isa = PBXShellScriptBuildPhase;
			buildActionMask = 2147483647;
			files = (
			);
			inputFileListPaths = (
			);
			inputPaths = (
				"${PODS_PODFILE_DIR_PATH}/Podfile.lock",
				"${PODS_ROOT}/Manifest.lock",
			);
			name = "[CP] Check Pods Manifest.lock";
			outputFileListPaths = (
			);
			outputPaths = (
				"$(DERIVED_FILE_DIR)/Pods-VoyonApp-checkManifestLockResult.txt",
			);
			runOnlyForDeploymentPostprocessing = 0;
			shellPath = /bin/sh;
			shellScript = "diff \"${PODS_PODFILE_DIR_PATH}/Podfile.lock\" \"${PODS_ROOT}/Manifest.lock\" > /dev/null\nif [ $? != 0 ] ; then\n    # print error to STDERR\n    echo \"error: The sandbox is not in sync with the Podfile.lock. Run 'pod install' or update your CocoaPods installation.\" >&2\n    exit 1\nfi\n# This output is used by Xcode 'outputs' to avoid re-running this script phase.\necho \"SUCCESS\" > \"${SCRIPT_OUTPUT_FILE_0}\"\n";
			showEnvVarsInLog = 0;
		};
		800E24972A6A228C8D4807E9 /* [CP] Copy Pods Resources */ = {
			isa = PBXShellScriptBuildPhase;
			buildActionMask = 2147483647;
			files = (
			);
			inputPaths = (
				"${PODS_ROOT}/Target Support Files/Pods-VoyonApp/Pods-VoyonApp-resources.sh",
				"${PODS_CONFIGURATION_BUILD_DIR}/EXConstants/EXConstants.bundle",
				"${PODS_CONFIGURATION_BUILD_DIR}/EXUpdates/EXUpdates.bundle",
				"${PODS_CONFIGURATION_BUILD_DIR}/React-Core/RCTI18nStrings.bundle",
			);
			name = "[CP] Copy Pods Resources";
			outputPaths = (
				"${TARGET_BUILD_DIR}/${UNLOCALIZED_RESOURCES_FOLDER_PATH}/EXConstants.bundle",
				"${TARGET_BUILD_DIR}/${UNLOCALIZED_RESOURCES_FOLDER_PATH}/EXUpdates.bundle",
				"${TARGET_BUILD_DIR}/${UNLOCALIZED_RESOURCES_FOLDER_PATH}/RCTI18nStrings.bundle",
			);
			runOnlyForDeploymentPostprocessing = 0;
			shellPath = /bin/sh;
			shellScript = "\"${PODS_ROOT}/Target Support Files/Pods-VoyonApp/Pods-VoyonApp-resources.sh\"\n";
			showEnvVarsInLog = 0;
		};
/* End PBXShellScriptBuildPhase section */

/* Begin PBXSourcesBuildPhase section */
		13B07F871A680F5B00A75B9A /* Sources */ = {
			isa = PBXSourcesBuildPhase;
			buildActionMask = 2147483647;
			files = (
				13B07FBC1A68108700A75B9A /* AppDelegate.mm in Sources */,
				13B07FC11A68108700A75B9A /* main.m in Sources */,
				B18059E884C0ABDD17F3DC3D /* ExpoModulesProvider.swift in Sources */,
			);
			runOnlyForDeploymentPostprocessing = 0;
		};
/* End PBXSourcesBuildPhase section */

/* Begin XCBuildConfiguration section */
		13B07F941A680F5B00A75B9A /* Debug */ = {
			isa = XCBuildConfiguration;
			baseConfigurationReference = 6C2E3173556A471DD304B334 /* Pods-VoyonApp.debug.xcconfig */;
			buildSettings = {
				ASSETCATALOG_COMPILER_APPICON_NAME = AppIcon;
				CLANG_ENABLE_MODULES = YES;
				CURRENT_PROJECT_VERSION = 1;
				ENABLE_BITCODE = NO;
				GCC_PREPROCESSOR_DEFINITIONS = (
					"$(inherited)",
					"FB_SONARKIT_ENABLED=1",
				);
				INFOPLIST_FILE = VoyonApp/Info.plist;
				IPHONEOS_DEPLOYMENT_TARGET = 15.1;
				LD_RUNPATH_SEARCH_PATHS = (
					"$(inherited)",
					"@executable_path/Frameworks",
				);
				MARKETING_VERSION = 1.0;
				OTHER_LDFLAGS = (
					"$(inherited)",
					"-ObjC",
					"-lc++",
				);
				PRODUCT_BUNDLE_IDENTIFIER = org.name.VoyonApp;
				PRODUCT_NAME = VoyonApp;
				SWIFT_OPTIMIZATION_LEVEL = "-Onone";
				SWIFT_VERSION = 5.0;
				VERSIONING_SYSTEM = "apple-generic";
			};
			name = Debug;
		};
		13B07F951A680F5B00A75B9A /* Release */ = {
			isa = XCBuildConfiguration;
			baseConfigurationReference = 7A4D352CD337FB3A3BF06240 /* Pods-VoyonApp.release.xcconfig */;
			buildSettings = {
				ASSETCATALOG_COMPILER_APPICON_NAME = AppIcon;
				CLANG_ENABLE_MODULES = YES;
				CURRENT_PROJECT_VERSION = 1;
				INFOPLIST_FILE = VoyonApp/Info.plist;
				IPHONEOS_DEPLOYMENT_TARGET = 15.1;
				LD_RUNPATH_SEARCH_PATHS = (
					"$(inherited)",
					"@executable_path/Frameworks",
				);
				MARKETING_VERSION = 1.0;
				OTHER_LDFLAGS = (
					"$(inherited)",
					"-ObjC",
					"-lc++",
				);
				PRODUCT_BUNDLE_IDENTIFIER = org.name.VoyonApp;
				PRODUCT_NAME = VoyonApp;
				SWIFT_VERSION = 5.0;
				VERSIONING_SYSTEM = "apple-generic";
			};
			name = Release;
		};
		83CBBA201A601CBA00E9B192 /* Debug */ = {
			isa = XCBuildConfiguration;
			buildSettings = {
				ALWAYS_SEARCH_USER_PATHS = NO;
				CLANG_ANALYZER_LOCALIZABILITY_NONLOCALIZED = YES;
				CLANG_CXX_LANGUAGE_STANDARD = "c++20";
				CLANG_CXX_LIBRARY = "libc++";
				CLANG_ENABLE_MODULES = YES;
				CLANG_ENABLE_OBJC_ARC = YES;
				CLANG_WARN_BLOCK_CAPTURE_AUTORELEASING = YES;
				CLANG_WARN_BOOL_CONVERSION = YES;
				CLANG_WARN_COMMA = YES;
				CLANG_WARN_CONSTANT_CONVERSION = YES;
				CLANG_WARN_DEPRECATED_OBJC_IMPLEMENTATIONS = YES;
				CLANG_WARN_DIRECT_OBJC_ISA_USAGE = YES_ERROR;
				CLANG_WARN_EMPTY_BODY = YES;
				CLANG_WARN_ENUM_CONVERSION = YES;
				CLANG_WARN_INFINITE_RECURSION = YES;
				CLANG_WARN_INT_CONVERSION = YES;
				CLANG_WARN_NON_LITERAL_NULL_CONVERSION = YES;
				CLANG_WARN_OBJC_IMPLICIT_RETAIN_SELF = YES;
				CLANG_WARN_OBJC_LITERAL_CONVERSION = YES;
				CLANG_WARN_OBJC_ROOT_CLASS = YES_ERROR;
				CLANG_WARN_RANGE_LOOP_ANALYSIS = YES;
				CLANG_WARN_STRICT_PROTOTYPES = YES;
				CLANG_WARN_SUSPICIOUS_MOVE = YES;
				CLANG_WARN_UNREACHABLE_CODE = YES;
				CLANG_WARN__DUPLICATE_METHOD_MATCH = YES;
				"CODE_SIGN_IDENTITY[sdk=iphoneos*]" = "iPhone Developer";
				COPY_PHASE_STRIP = NO;
				ENABLE_STRICT_OBJC_MSGSEND = YES;
				ENABLE_TESTABILITY = YES;
				GCC_C_LANGUAGE_STANDARD = gnu99;
				GCC_DYNAMIC_NO_PIC = NO;
				GCC_NO_COMMON_BLOCKS = YES;
				GCC_OPTIMIZATION_LEVEL = 0;
				GCC_PREPROCESSOR_DEFINITIONS = (
					"DEBUG=1",
					"$(inherited)",
				);
				GCC_SYMBOLS_PRIVATE_EXTERN = NO;
				GCC_WARN_64_TO_32_BIT_CONVERSION = YES;
				GCC_WARN_ABOUT_RETURN_TYPE = YES_ERROR;
				GCC_WARN_UNDECLARED_SELECTOR = YES;
				GCC_WARN_UNINITIALIZED_AUTOS = YES_AGGRESSIVE;
				GCC_WARN_UNUSED_FUNCTION = YES;
				GCC_WARN_UNUSED_VARIABLE = YES;
				IPHONEOS_DEPLOYMENT_TARGET = 15.1;
				LD_RUNPATH_SEARCH_PATHS = (
					/usr/lib/swift,
					"$(inherited)",
				);
				LIBRARY_SEARCH_PATHS = "\"$(inherited)\"";
				MTL_ENABLE_DEBUG_INFO = YES;
				ONLY_ACTIVE_ARCH = YES;
				SDKROOT = iphoneos;
			};
			name = Debug;
		};
		83CBBA211A601CBA00E9B192 /* Release */ = {
			isa = XCBuildConfiguration;
			buildSettings = {
				ALWAYS_SEARCH_USER_PATHS = NO;
				CLANG_ANALYZER_LOCALIZABILITY_NONLOCALIZED = YES;
				CLANG_CXX_LANGUAGE_STANDARD = "c++20";
				CLANG_CXX_LIBRARY = "libc++";
				CLANG_ENABLE_MODULES = YES;
				CLANG_ENABLE_OBJC_ARC = YES;
				CLANG_WARN_BLOCK_CAPTURE_AUTORELEASING = YES;
				CLANG_WARN_BOOL_CONVERSION = YES;
				CLANG_WARN_COMMA = YES;
				CLANG_WARN_CONSTANT_CONVERSION = YES;
				CLANG_WARN_DEPRECATED_OBJC_IMPLEMENTATIONS = YES;
				CLANG_WARN_DIRECT_OBJC_ISA_USAGE = YES_ERROR;
				CLANG_WARN_EMPTY_BODY = YES;
				CLANG_WARN_ENUM_CONVERSION = YES;
				CLANG_WARN_INFINITE_RECURSION = YES;
				CLANG_WARN_INT_CONVERSION = YES;
				CLANG_WARN_NON_LITERAL_NULL_CONVERSION = YES;
				CLANG_WARN_OBJC_IMPLICIT_RETAIN_SELF = YES;
				CLANG_WARN_OBJC_LITERAL_CONVERSION = YES;
				CLANG_WARN_OBJC_ROOT_CLASS = YES_ERROR;
				CLANG_WARN_RANGE_LOOP_ANALYSIS = YES;
				CLANG_WARN_STRICT_PROTOTYPES = YES;
				CLANG_WARN_SUSPICIOUS_MOVE = YES;
				CLANG_WARN_UNREACHABLE_CODE = YES;
				CLANG_WARN__DUPLICATE_METHOD_MATCH = YES;
				"CODE_SIGN_IDENTITY[sdk=iphoneos*]" = "iPhone Developer";
				COPY_PHASE_STRIP = YES;
				ENABLE_NS_ASSERTIONS = NO;
				ENABLE_STRICT_OBJC_MSGSEND = YES;
				GCC_C_LANGUAGE_STANDARD = gnu99;
				GCC_NO_COMMON_BLOCKS = YES;
				GCC_WARN_64_TO_32_BIT_CONVERSION = YES;
				GCC_WARN_ABOUT_RETURN_TYPE = YES_ERROR;
				GCC_WARN_UNDECLARED_SELECTOR = YES;
				GCC_WARN_UNINITIALIZED_AUTOS = YES_AGGRESSIVE;
				GCC_WARN_UNUSED_FUNCTION = YES;
				GCC_WARN_UNUSED_VARIABLE = YES;
				IPHONEOS_DEPLOYMENT_TARGET = 15.1;
				LD_RUNPATH_SEARCH_PATHS = (
					/usr/lib/swift,
					"$(inherited)",
				);
				LIBRARY_SEARCH_PATHS = "\"$(inherited)\"";
				MTL_ENABLE_DEBUG_INFO = NO;
				SDKROOT = iphoneos;
				VALIDATE_PRODUCT = YES;
			};
			name = Release;
		};
/* End XCBuildConfiguration section */

/* Begin XCConfigurationList section */
		13B07F931A680F5B00A75B9A /* Build configuration list for PBXNativeTarget "VoyonApp" */ = {
			isa = XCConfigurationList;
			buildConfigurations = (
				13B07F941A680F5B00A75B9A /* Debug */,
				13B07F951A680F5B00A75B9A /* Release */,
			);
			defaultConfigurationIsVisible = 0;
			defaultConfigurationName = Release;
		};
		83CBB9FA1A601CBA00E9B192 /* Build configuration list for PBXProject "VoyonApp" */ = {
			isa = XCConfigurationList;
			buildConfigurations = (
				83CBBA201A601CBA00E9B192 /* Debug */,
				83CBBA211A601CBA00E9B192 /* Release */,
			);
			defaultConfigurationIsVisible = 0;
			defaultConfigurationName = Release;
		};
/* End XCConfigurationList section */

/* Begin XCRemoteSwiftPackageReference section */
		C47876AA2D760D5500E778DF /* XCRemoteSwiftPackageReference "firebase-ios-sdk" */ = {
			isa = XCRemoteSwiftPackageReference;
			repositoryURL = "https://github.com/firebase/firebase-ios-sdk";
			requirement = {
				kind = upToNextMajorVersion;
				minimumVersion = 11.9.0;
			};
		};
/* End XCRemoteSwiftPackageReference section */

/* Begin XCSwiftPackageProductDependency section */
		C47876AB2D760D5500E778DF /* FirebaseAnalytics */ = {
			isa = XCSwiftPackageProductDependency;
			package = C47876AA2D760D5500E778DF /* XCRemoteSwiftPackageReference "firebase-ios-sdk" */;
			productName = FirebaseAnalytics;
		};
		C47876AD2D760D5500E778DF /* FirebaseAnalyticsOnDeviceConversion */ = {
			isa = XCSwiftPackageProductDependency;
			package = C47876AA2D760D5500E778DF /* XCRemoteSwiftPackageReference "firebase-ios-sdk" */;
			productName = FirebaseAnalyticsOnDeviceConversion;
		};
		C47876AF2D760D5500E778DF /* FirebaseAnalyticsWithoutAdIdSupport */ = {
			isa = XCSwiftPackageProductDependency;
			package = C47876AA2D760D5500E778DF /* XCRemoteSwiftPackageReference "firebase-ios-sdk" */;
			productName = FirebaseAnalyticsWithoutAdIdSupport;
		};
		C47876B12D760D5500E778DF /* FirebaseAppCheck */ = {
			isa = XCSwiftPackageProductDependency;
			package = C47876AA2D760D5500E778DF /* XCRemoteSwiftPackageReference "firebase-ios-sdk" */;
			productName = FirebaseAppCheck;
		};
		C47876B32D760D5500E778DF /* FirebaseAppDistribution-Beta */ = {
			isa = XCSwiftPackageProductDependency;
			package = C47876AA2D760D5500E778DF /* XCRemoteSwiftPackageReference "firebase-ios-sdk" */;
			productName = "FirebaseAppDistribution-Beta";
		};
/* End XCSwiftPackageProductDependency section */
	};
	rootObject = 83CBB9F71A601CBA00E9B192 /* Project object */;
}
